PODS:
  - APAddressBook (0.1.5):
    - APAddressBook/Core (= 0.1.5)
  - APAddressBook/Core (0.1.5)
  - HPGrowingTextView (1.1)
  - THContactPicker (1.1)

DEPENDENCIES:
  - APAddressBook
  - HPGrowingTextView (~> 1.1)
  - THContactPicker (~> 1.0)

SPEC CHECKSUMS:
  APAddressBook: c72fec93464d57f39966ce28c107c10253fa7d39
  HPGrowingTextView: 88a716d97fb853bcb08a4a08e4727da17efc9b19
  THContactPicker: 21eaa73587fbfdce0783b4a5dc90f741b2b0881c

COCOAPODS: 0.36.0
