// !$*UTF8*$!
{
	archiveVersion = 1;
	classes = {
	};
	objectVersion = 46;
	objects = {

/* Begin PBXBuildFile section */
		3A40478F1AE050F60016EC90 /* main.m in Sources */ = {isa = PBXBuildFile; fileRef = 3A40478E1AE050F60016EC90 /* main.m */; };
		3A4047921AE050F60016EC90 /* AppDelegate.m in Sources */ = {isa = PBXBuildFile; fileRef = 3A4047911AE050F60016EC90 /* AppDelegate.m */; };
		3A4047951AE050F60016EC90 /* EmailShareViewController.m in Sources */ = {isa = PBXBuildFile; fileRef = 3A4047941AE050F60016EC90 /* EmailShareViewController.m */; };
		3A4047981AE050F60016EC90 /* Main.storyboard in Resources */ = {isa = PBXBuildFile; fileRef = 3A4047961AE050F60016EC90 /* Main.storyboard */; };
		3A40479A1AE050F60016EC90 /* Images.xcassets in Resources */ = {isa = PBXBuildFile; fileRef = 3A4047991AE050F60016EC90 /* Images.xcassets */; };
		3A40479D1AE050F60016EC90 /* LaunchScreen.xib in Resources */ = {isa = PBXBuildFile; fileRef = 3A40479B1AE050F60016EC90 /* LaunchScreen.xib */; };
		3A4047A91AE050F70016EC90 /* SharingPrototypeTests.m in Sources */ = {isa = PBXBuildFile; fileRef = 3A4047A81AE050F70016EC90 /* SharingPrototypeTests.m */; };
		4EE57BA31AE5811B001461B7 /* EmailContactItem.m in Sources */ = {isa = PBXBuildFile; fileRef = 4EE57BA21AE5811B001461B7 /* EmailContactItem.m */; };
		A9198D551D7BC1E0309CEDB9 /* libPods.a in Frameworks */ = {isa = PBXBuildFile; fileRef = 145139D015608A2FF720CBB1 /* libPods.a */; };
/* End PBXBuildFile section */

/* Begin PBXContainerItemProxy section */
		3A4047A31AE050F70016EC90 /* PBXContainerItemProxy */ = {
			isa = PBXContainerItemProxy;
			containerPortal = 3A4047811AE050F60016EC90 /* Project object */;
			proxyType = 1;
			remoteGlobalIDString = 3A4047881AE050F60016EC90;
			remoteInfo = SharingPrototype;
		};
/* End PBXContainerItemProxy section */

/* Begin PBXFileReference section */
		145139D015608A2FF720CBB1 /* libPods.a */ = {isa = PBXFileReference; explicitFileType = archive.ar; includeInIndex = 0; path = libPods.a; sourceTree = BUILT_PRODUCTS_DIR; };
		3A4047891AE050F60016EC90 /* SharingPrototype.app */ = {isa = PBXFileReference; explicitFileType = wrapper.application; includeInIndex = 0; path = SharingPrototype.app; sourceTree = BUILT_PRODUCTS_DIR; };
		3A40478D1AE050F60016EC90 /* Info.plist */ = {isa = PBXFileReference; lastKnownFileType = text.plist.xml; path = Info.plist; sourceTree = "<group>"; };
		3A40478E1AE050F60016EC90 /* main.m */ = {isa = PBXFileReference; lastKnownFileType = sourcecode.c.objc; path = main.m; sourceTree = "<group>"; };
		3A4047901AE050F60016EC90 /* AppDelegate.h */ = {isa = PBXFileReference; lastKnownFileType = sourcecode.c.h; path = AppDelegate.h; sourceTree = "<group>"; };
		3A4047911AE050F60016EC90 /* AppDelegate.m */ = {isa = PBXFileReference; lastKnownFileType = sourcecode.c.objc; path = AppDelegate.m; sourceTree = "<group>"; };
		3A4047931AE050F60016EC90 /* EmailShareViewController.h */ = {isa = PBXFileReference; lastKnownFileType = sourcecode.c.h; path = EmailShareViewController.h; sourceTree = "<group>"; };
		3A4047941AE050F60016EC90 /* EmailShareViewController.m */ = {isa = PBXFileReference; lastKnownFileType = sourcecode.c.objc; path = EmailShareViewController.m; sourceTree = "<group>"; };
		3A4047971AE050F60016EC90 /* Base */ = {isa = PBXFileReference; lastKnownFileType = file.storyboard; name = Base; path = Base.lproj/Main.storyboard; sourceTree = "<group>"; };
		3A4047991AE050F60016EC90 /* Images.xcassets */ = {isa = PBXFileReference; lastKnownFileType = folder.assetcatalog; path = Images.xcassets; sourceTree = "<group>"; };
		3A40479C1AE050F60016EC90 /* Base */ = {isa = PBXFileReference; lastKnownFileType = file.xib; name = Base; path = Base.lproj/LaunchScreen.xib; sourceTree = "<group>"; };
		3A4047A21AE050F70016EC90 /* SharingPrototypeTests.xctest */ = {isa = PBXFileReference; explicitFileType = wrapper.cfbundle; includeInIndex = 0; path = SharingPrototypeTests.xctest; sourceTree = BUILT_PRODUCTS_DIR; };
		3A4047A71AE050F70016EC90 /* Info.plist */ = {isa = PBXFileReference; lastKnownFileType = text.plist.xml; path = Info.plist; sourceTree = "<group>"; };
		3A4047A81AE050F70016EC90 /* SharingPrototypeTests.m */ = {isa = PBXFileReference; lastKnownFileType = sourcecode.c.objc; path = SharingPrototypeTests.m; sourceTree = "<group>"; };
		4EE57BA11AE5811B001461B7 /* EmailContactItem.h */ = {isa = PBXFileReference; fileEncoding = 4; lastKnownFileType = sourcecode.c.h; name = EmailContactItem.h; path = ../EmailContactItem.h; sourceTree = "<group>"; };
		4EE57BA21AE5811B001461B7 /* EmailContactItem.m */ = {isa = PBXFileReference; fileEncoding = 4; lastKnownFileType = sourcecode.c.objc; name = EmailContactItem.m; path = ../EmailContactItem.m; sourceTree = "<group>"; };
		65689074A3BAFA52F9ABC474 /* Pods.release.xcconfig */ = {isa = PBXFileReference; includeInIndex = 1; lastKnownFileType = text.xcconfig; name = Pods.release.xcconfig; path = "Pods/Target Support Files/Pods/Pods.release.xcconfig"; sourceTree = "<group>"; };
		BF55350CE06F7E166DE9F403 /* Pods.debug.xcconfig */ = {isa = PBXFileReference; includeInIndex = 1; lastKnownFileType = text.xcconfig; name = Pods.debug.xcconfig; path = "Pods/Target Support Files/Pods/Pods.debug.xcconfig"; sourceTree = "<group>"; };
/* End PBXFileReference section */

/* Begin PBXFrameworksBuildPhase section */
		3A4047861AE050F60016EC90 /* Frameworks */ = {
			isa = PBXFrameworksBuildPhase;
			buildActionMask = 2147483647;
			files = (
				A9198D551D7BC1E0309CEDB9 /* libPods.a in Frameworks */,
			);
			runOnlyForDeploymentPostprocessing = 0;
		};
		3A40479F1AE050F70016EC90 /* Frameworks */ = {
			isa = PBXFrameworksBuildPhase;
			buildActionMask = 2147483647;
			files = (
			);
			runOnlyForDeploymentPostprocessing = 0;
		};
/* End PBXFrameworksBuildPhase section */

/* Begin PBXGroup section */
		3A4047801AE050F60016EC90 = {
			isa = PBXGroup;
			children = (
				3A40478B1AE050F60016EC90 /* SharingPrototype */,
				3A4047A51AE050F70016EC90 /* SharingPrototypeTests */,
				3A40478A1AE050F60016EC90 /* Products */,
				60176BE98662E3C688E00E38 /* Pods */,
				6A0E97E878C8E2D4FAD654DC /* Frameworks */,
			);
			sourceTree = "<group>";
		};
		3A40478A1AE050F60016EC90 /* Products */ = {
			isa = PBXGroup;
			children = (
				3A4047891AE050F60016EC90 /* SharingPrototype.app */,
				3A4047A21AE050F70016EC90 /* SharingPrototypeTests.xctest */,
			);
			name = Products;
			sourceTree = "<group>";
		};
		3A40478B1AE050F60016EC90 /* SharingPrototype */ = {
			isa = PBXGroup;
			children = (
				4EE57BA11AE5811B001461B7 /* EmailContactItem.h */,
				4EE57BA21AE5811B001461B7 /* EmailContactItem.m */,
				3A4047901AE050F60016EC90 /* AppDelegate.h */,
				3A4047911AE050F60016EC90 /* AppDelegate.m */,
				3A4047931AE050F60016EC90 /* EmailShareViewController.h */,
				3A4047941AE050F60016EC90 /* EmailShareViewController.m */,
				3A4047961AE050F60016EC90 /* Main.storyboard */,
				3A4047991AE050F60016EC90 /* Images.xcassets */,
				3A40479B1AE050F60016EC90 /* LaunchScreen.xib */,
				3A40478C1AE050F60016EC90 /* Supporting Files */,
			);
			path = SharingPrototype;
			sourceTree = "<group>";
		};
		3A40478C1AE050F60016EC90 /* Supporting Files */ = {
			isa = PBXGroup;
			children = (
				3A40478D1AE050F60016EC90 /* Info.plist */,
				3A40478E1AE050F60016EC90 /* main.m */,
			);
			name = "Supporting Files";
			sourceTree = "<group>";
		};
		3A4047A51AE050F70016EC90 /* SharingPrototypeTests */ = {
			isa = PBXGroup;
			children = (
				3A4047A81AE050F70016EC90 /* SharingPrototypeTests.m */,
				3A4047A61AE050F70016EC90 /* Supporting Files */,
			);
			path = SharingPrototypeTests;
			sourceTree = "<group>";
		};
		3A4047A61AE050F70016EC90 /* Supporting Files */ = {
			isa = PBXGroup;
			children = (
				3A4047A71AE050F70016EC90 /* Info.plist */,
			);
			name = "Supporting Files";
			sourceTree = "<group>";
		};
		60176BE98662E3C688E00E38 /* Pods */ = {
			isa = PBXGroup;
			children = (
				BF55350CE06F7E166DE9F403 /* Pods.debug.xcconfig */,
				65689074A3BAFA52F9ABC474 /* Pods.release.xcconfig */,
			);
			name = Pods;
			sourceTree = "<group>";
		};
		6A0E97E878C8E2D4FAD654DC /* Frameworks */ = {
			isa = PBXGroup;
			children = (
				145139D015608A2FF720CBB1 /* libPods.a */,
			);
			name = Frameworks;
			sourceTree = "<group>";
		};
/* End PBXGroup section */

/* Begin PBXNativeTarget section */
		3A4047881AE050F60016EC90 /* SharingPrototype */ = {
			isa = PBXNativeTarget;
			buildConfigurationList = 3A4047AC1AE050F70016EC90 /* Build configuration list for PBXNativeTarget "SharingPrototype" */;
			buildPhases = (
				3F76D65AA5FF9FEE556AA7FD /* Check Pods Manifest.lock */,
				3A4047851AE050F60016EC90 /* Sources */,
				3A4047861AE050F60016EC90 /* Frameworks */,
				3A4047871AE050F60016EC90 /* Resources */,
				3696154A1546633EE7B721DC /* Copy Pods Resources */,
			);
			buildRules = (
			);
			dependencies = (
			);
			name = SharingPrototype;
			productName = SharingPrototype;
			productReference = 3A4047891AE050F60016EC90 /* SharingPrototype.app */;
			productType = "com.apple.product-type.application";
		};
		3A4047A11AE050F70016EC90 /* SharingPrototypeTests */ = {
			isa = PBXNativeTarget;
			buildConfigurationList = 3A4047AF1AE050F70016EC90 /* Build configuration list for PBXNativeTarget "SharingPrototypeTests" */;
			buildPhases = (
				3A40479E1AE050F70016EC90 /* Sources */,
				3A40479F1AE050F70016EC90 /* Frameworks */,
				3A4047A01AE050F70016EC90 /* Resources */,
			);
			buildRules = (
			);
			dependencies = (
				3A4047A41AE050F70016EC90 /* PBXTargetDependency */,
			);
			name = SharingPrototypeTests;
			productName = SharingPrototypeTests;
			productReference = 3A4047A21AE050F70016EC90 /* SharingPrototypeTests.xctest */;
			productType = "com.apple.product-type.bundle.unit-test";
		};
/* End PBXNativeTarget section */

/* Begin PBXProject section */
		3A4047811AE050F60016EC90 /* Project object */ = {
			isa = PBXProject;
			attributes = {
				LastUpgradeCheck = 0630;
				ORGANIZATIONNAME = TrackVia;
				TargetAttributes = {
					3A4047881AE050F60016EC90 = {
						CreatedOnToolsVersion = 6.3;
					};
					3A4047A11AE050F70016EC90 = {
						CreatedOnToolsVersion = 6.3;
						TestTargetID = 3A4047881AE050F60016EC90;
					};
				};
			};
			buildConfigurationList = 3A4047841AE050F60016EC90 /* Build configuration list for PBXProject "SharingPrototype" */;
			compatibilityVersion = "Xcode 3.2";
			developmentRegion = English;
			hasScannedForEncodings = 0;
			knownRegions = (
				en,
				Base,
			);
			mainGroup = 3A4047801AE050F60016EC90;
			productRefGroup = 3A40478A1AE050F60016EC90 /* Products */;
			projectDirPath = "";
			projectRoot = "";
			targets = (
				3A4047881AE050F60016EC90 /* SharingPrototype */,
				3A4047A11AE050F70016EC90 /* SharingPrototypeTests */,
			);
		};
/* End PBXProject section */

/* Begin PBXResourcesBuildPhase section */
		3A4047871AE050F60016EC90 /* Resources */ = {
			isa = PBXResourcesBuildPhase;
			buildActionMask = 2147483647;
			files = (
				3A4047981AE050F60016EC90 /* Main.storyboard in Resources */,
				3A40479D1AE050F60016EC90 /* LaunchScreen.xib in Resources */,
				3A40479A1AE050F60016EC90 /* Images.xcassets in Resources */,
			);
			runOnlyForDeploymentPostprocessing = 0;
		};
		3A4047A01AE050F70016EC90 /* Resources */ = {
			isa = PBXResourcesBuildPhase;
			buildActionMask = 2147483647;
			files = (
			);
			runOnlyForDeploymentPostprocessing = 0;
		};
/* End PBXResourcesBuildPhase section */

/* Begin PBXShellScriptBuildPhase section */
		3696154A1546633EE7B721DC /* Copy Pods Resources */ = {
			isa = PBXShellScriptBuildPhase;
			buildActionMask = 2147483647;
			files = (
			);
			inputPaths = (
			);
			name = "Copy Pods Resources";
			outputPaths = (
			);
			runOnlyForDeploymentPostprocessing = 0;
			shellPath = /bin/sh;
			shellScript = "\"${SRCROOT}/Pods/Target Support Files/Pods/Pods-resources.sh\"\n";
			showEnvVarsInLog = 0;
		};
		3F76D65AA5FF9FEE556AA7FD /* Check Pods Manifest.lock */ = {
			isa = PBXShellScriptBuildPhase;
			buildActionMask = 2147483647;
			files = (
			);
			inputPaths = (
			);
			name = "Check Pods Manifest.lock";
			outputPaths = (
			);
			runOnlyForDeploymentPostprocessing = 0;
			shellPath = /bin/sh;
			shellScript = "diff \"${PODS_ROOT}/../Podfile.lock\" \"${PODS_ROOT}/Manifest.lock\" > /dev/null\nif [[ $? != 0 ]] ; then\n    cat << EOM\nerror: The sandbox is not in sync with the Podfile.lock. Run 'pod install' or update your CocoaPods installation.\nEOM\n    exit 1\nfi\n";
			showEnvVarsInLog = 0;
		};
/* End PBXShellScriptBuildPhase section */

/* Begin PBXSourcesBuildPhase section */
		3A4047851AE050F60016EC90 /* Sources */ = {
			isa = PBXSourcesBuildPhase;
			buildActionMask = 2147483647;
			files = (
				4EE57BA31AE5811B001461B7 /* EmailContactItem.m in Sources */,
				3A4047951AE050F60016EC90 /* EmailShareViewController.m in Sources */,
				3A4047921AE050F60016EC90 /* AppDelegate.m in Sources */,
				3A40478F1AE050F60016EC90 /* main.m in Sources */,
			);
			runOnlyForDeploymentPostprocessing = 0;
		};
		3A40479E1AE050F70016EC90 /* Sources */ = {
			isa = PBXSourcesBuildPhase;
			buildActionMask = 2147483647;
			files = (
				3A4047A91AE050F70016EC90 /* SharingPrototypeTests.m in Sources */,
			);
			runOnlyForDeploymentPostprocessing = 0;
		};
/* End PBXSourcesBuildPhase section */

/* Begin PBXTargetDependency section */
		3A4047A41AE050F70016EC90 /* PBXTargetDependency */ = {
			isa = PBXTargetDependency;
			target = 3A4047881AE050F60016EC90 /* SharingPrototype */;
			targetProxy = 3A4047A31AE050F70016EC90 /* PBXContainerItemProxy */;
		};
/* End PBXTargetDependency section */

/* Begin PBXVariantGroup section */
		3A4047961AE050F60016EC90 /* Main.storyboard */ = {
			isa = PBXVariantGroup;
			children = (
				3A4047971AE050F60016EC90 /* Base */,
			);
			name = Main.storyboard;
			sourceTree = "<group>";
		};
		3A40479B1AE050F60016EC90 /* LaunchScreen.xib */ = {
			isa = PBXVariantGroup;
			children = (
				3A40479C1AE050F60016EC90 /* Base */,
			);
			name = LaunchScreen.xib;
			sourceTree = "<group>";
		};
/* End PBXVariantGroup section */

/* Begin XCBuildConfiguration section */
		3A4047AA1AE050F70016EC90 /* Debug */ = {
			isa = XCBuildConfiguration;
			buildSettings = {
				ALWAYS_SEARCH_USER_PATHS = NO;
				CLANG_CXX_LANGUAGE_STANDARD = "gnu++0x";
				CLANG_CXX_LIBRARY = "libc++";
				CLANG_ENABLE_MODULES = YES;
				CLANG_ENABLE_OBJC_ARC = YES;
				CLANG_WARN_BOOL_CONVERSION = YES;
				CLANG_WARN_CONSTANT_CONVERSION = YES;
				CLANG_WARN_DIRECT_OBJC_ISA_USAGE = YES_ERROR;
				CLANG_WARN_EMPTY_BODY = YES;
				CLANG_WARN_ENUM_CONVERSION = YES;
				CLANG_WARN_INT_CONVERSION = YES;
				CLANG_WARN_OBJC_ROOT_CLASS = YES_ERROR;
				CLANG_WARN_UNREACHABLE_CODE = YES;
				CLANG_WARN__DUPLICATE_METHOD_MATCH = YES;
				"CODE_SIGN_IDENTITY[sdk=iphoneos*]" = "iPhone Developer";
				COPY_PHASE_STRIP = NO;
				DEBUG_INFORMATION_FORMAT = "dwarf-with-dsym";
				ENABLE_STRICT_OBJC_MSGSEND = YES;
				GCC_C_LANGUAGE_STANDARD = gnu99;
				GCC_DYNAMIC_NO_PIC = NO;
				GCC_NO_COMMON_BLOCKS = YES;
				GCC_OPTIMIZATION_LEVEL = 0;
				GCC_PREPROCESSOR_DEFINITIONS = (
					"DEBUG=1",
					"$(inherited)",
				);
				GCC_SYMBOLS_PRIVATE_EXTERN = NO;
				GCC_WARN_64_TO_32_BIT_CONVERSION = YES;
				GCC_WARN_ABOUT_RETURN_TYPE = YES_ERROR;
				GCC_WARN_UNDECLARED_SELECTOR = YES;
				GCC_WARN_UNINITIALIZED_AUTOS = YES_AGGRESSIVE;
				GCC_WARN_UNUSED_FUNCTION = YES;
				GCC_WARN_UNUSED_VARIABLE = YES;
				IPHONEOS_DEPLOYMENT_TARGET = 8.3;
				MTL_ENABLE_DEBUG_INFO = YES;
				ONLY_ACTIVE_ARCH = YES;
				SDKROOT = iphoneos;
			};
			name = Debug;
		};
		3A4047AB1AE050F70016EC90 /* Release */ = {
			isa = XCBuildConfiguration;
			buildSettings = {
				ALWAYS_SEARCH_USER_PATHS = NO;
				CLANG_CXX_LANGUAGE_STANDARD = "gnu++0x";
				CLANG_CXX_LIBRARY = "libc++";
				CLANG_ENABLE_MODULES = YES;
				CLANG_ENABLE_OBJC_ARC = YES;
				CLANG_WARN_BOOL_CONVERSION = YES;
				CLANG_WARN_CONSTANT_CONVERSION = YES;
				CLANG_WARN_DIRECT_OBJC_ISA_USAGE = YES_ERROR;
				CLANG_WARN_EMPTY_BODY = YES;
				CLANG_WARN_ENUM_CONVERSION = YES;
				CLANG_WARN_INT_CONVERSION = YES;
				CLANG_WARN_OBJC_ROOT_CLASS = YES_ERROR;
				CLANG_WARN_UNREACHABLE_CODE = YES;
				CLANG_WARN__DUPLICATE_METHOD_MATCH = YES;
				"CODE_SIGN_IDENTITY[sdk=iphoneos*]" = "iPhone Developer";
				COPY_PHASE_STRIP = NO;
				DEBUG_INFORMATION_FORMAT = "dwarf-with-dsym";
				ENABLE_NS_ASSERTIONS = NO;
				ENABLE_STRICT_OBJC_MSGSEND = YES;
				GCC_C_LANGUAGE_STANDARD = gnu99;
				GCC_NO_COMMON_BLOCKS = YES;
				GCC_WARN_64_TO_32_BIT_CONVERSION = YES;
				GCC_WARN_ABOUT_RETURN_TYPE = YES_ERROR;
				GCC_WARN_UNDECLARED_SELECTOR = YES;
				GCC_WARN_UNINITIALIZED_AUTOS = YES_AGGRESSIVE;
				GCC_WARN_UNUSED_FUNCTION = YES;
				GCC_WARN_UNUSED_VARIABLE = YES;
				IPHONEOS_DEPLOYMENT_TARGET = 8.3;
				MTL_ENABLE_DEBUG_INFO = NO;
				SDKROOT = iphoneos;
				VALIDATE_PRODUCT = YES;
			};
			name = Release;
		};
		3A4047AD1AE050F70016EC90 /* Debug */ = {
			isa = XCBuildConfiguration;
			baseConfigurationReference = BF55350CE06F7E166DE9F403 /* Pods.debug.xcconfig */;
			buildSettings = {
				ASSETCATALOG_COMPILER_APPICON_NAME = AppIcon;
				INFOPLIST_FILE = SharingPrototype/Info.plist;
				LD_RUNPATH_SEARCH_PATHS = "$(inherited) @executable_path/Frameworks";
				PRODUCT_NAME = "$(TARGET_NAME)";
			};
			name = Debug;
		};
		3A4047AE1AE050F70016EC90 /* Release */ = {
			isa = XCBuildConfiguration;
			baseConfigurationReference = 65689074A3BAFA52F9ABC474 /* Pods.release.xcconfig */;
			buildSettings = {
				ASSETCATALOG_COMPILER_APPICON_NAME = AppIcon;
				INFOPLIST_FILE = SharingPrototype/Info.plist;
				LD_RUNPATH_SEARCH_PATHS = "$(inherited) @executable_path/Frameworks";
				PRODUCT_NAME = "$(TARGET_NAME)";
			};
			name = Release;
		};
		3A4047B01AE050F70016EC90 /* Debug */ = {
			isa = XCBuildConfiguration;
			buildSettings = {
				BUNDLE_LOADER = "$(TEST_HOST)";
				FRAMEWORK_SEARCH_PATHS = (
					"$(SDKROOT)/Developer/Library/Frameworks",
					"$(inherited)",
				);
				GCC_PREPROCESSOR_DEFINITIONS = (
					"DEBUG=1",
					"$(inherited)",
				);
				INFOPLIST_FILE = SharingPrototypeTests/Info.plist;
				LD_RUNPATH_SEARCH_PATHS = "$(inherited) @executable_path/Frameworks @loader_path/Frameworks";
				PRODUCT_NAME = "$(TARGET_NAME)";
				TEST_HOST = "$(BUILT_PRODUCTS_DIR)/SharingPrototype.app/SharingPrototype";
			};
			name = Debug;
		};
		3A4047B11AE050F70016EC90 /* Release */ = {
			isa = XCBuildConfiguration;
			buildSettings = {
				BUNDLE_LOADER = "$(TEST_HOST)";
				FRAMEWORK_SEARCH_PATHS = (
					"$(SDKROOT)/Developer/Library/Frameworks",
					"$(inherited)",
				);
				INFOPLIST_FILE = SharingPrototypeTests/Info.plist;
				LD_RUNPATH_SEARCH_PATHS = "$(inherited) @executable_path/Frameworks @loader_path/Frameworks";
				PRODUCT_NAME = "$(TARGET_NAME)";
				TEST_HOST = "$(BUILT_PRODUCTS_DIR)/SharingPrototype.app/SharingPrototype";
			};
			name = Release;
		};
/* End XCBuildConfiguration section */

/* Begin XCConfigurationList section */
		3A4047841AE050F60016EC90 /* Build configuration list for PBXProject "SharingPrototype" */ = {
			isa = XCConfigurationList;
			buildConfigurations = (
				3A4047AA1AE050F70016EC90 /* Debug */,
				3A4047AB1AE050F70016EC90 /* Release */,
			);
			defaultConfigurationIsVisible = 0;
			defaultConfigurationName = Release;
		};
		3A4047AC1AE050F70016EC90 /* Build configuration list for PBXNativeTarget "SharingPrototype" */ = {
			isa = XCConfigurationList;
			buildConfigurations = (
				3A4047AD1AE050F70016EC90 /* Debug */,
				3A4047AE1AE050F70016EC90 /* Release */,
			);
			defaultConfigurationIsVisible = 0;
			defaultConfigurationName = Release;
		};
		3A4047AF1AE050F70016EC90 /* Build configuration list for PBXNativeTarget "SharingPrototypeTests" */ = {
			isa = XCConfigurationList;
			buildConfigurations = (
				3A4047B01AE050F70016EC90 /* Debug */,
				3A4047B11AE050F70016EC90 /* Release */,
			);
			defaultConfigurationIsVisible = 0;
			defaultConfigurationName = Release;
		};
/* End XCConfigurationList section */
	};
	rootObject = 3A4047811AE050F60016EC90 /* Project object */;
}
